
Microsoft Visual Studio Solution File, Format Version 12.00
# Visual Studio Version 16
VisualStudioVersion = 25.0.1703.8
MinimumVisualStudioVersion = 10.0.40219.1
Project("{FAE04EC0-301F-11D3-BF4B-00C04F79EFBC}") = "NumbersGame", "NumbersGame.csproj", "{A14874AC-0006-48DD-B374-42C186A0228D}"
EndProject
Global
	GlobalSection(SolutionConfigurationPlatforms) = preSolution
		Debug|Any CPU = Debug|Any CPU
		Release|Any CPU = Release|Any CPU
	EndGlobalSection
	GlobalSection(ProjectConfigurationPlatforms) = postSolution
		{A14874AC-0006-48DD-B374-42C186A0228D}.Debug|Any CPU.ActiveCfg = Debug|Any CPU
		{A14874AC-0006-48DD-B374-42C186A0228D}.Debug|Any CPU.Build.0 = Debug|Any CPU
		{A14874AC-0006-48DD-B374-42C186A0228D}.Release|Any CPU.ActiveCfg = Release|Any CPU
		{A14874AC-0006-48DD-B374-42C186A0228D}.Release|Any CPU.Build.0 = Release|Any CPU
	EndGlobalSection
	GlobalSection(SolutionProperties) = preSolution
		HideSolutionNode = FALSE
	EndGlobalSection
	GlobalSection(ExtensibilityGlobals) = postSolution
		SolutionGuid = {D6C9323B-5806-41D2-9F43-043FCA9B6439}
	EndGlobalSection
EndGlobal
